// !$*UTF8*$!
{
	archiveVersion = 1;
	classes = {
	};
	objectVersion = 56;
	objects = {

/* Begin PBXBuildFile section */
		8153A2D029422F1800A836F9 /* AppDelegate.swift in Sources */ = {isa = PBXBuildFile; fileRef = 8153A2CF29422F1800A836F9 /* AppDelegate.swift */; };
		8153A2D229422F1800A836F9 /* SceneDelegate.swift in Sources */ = {isa = PBXBuildFile; fileRef = 8153A2D129422F1800A836F9 /* SceneDelegate.swift */; };
		8153A2D729422F1800A836F9 /* Main.storyboard in Resources */ = {isa = PBXBuildFile; fileRef = 8153A2D529422F1800A836F9 /* Main.storyboard */; };
		8153A2D929422F1A00A836F9 /* Assets.xcassets in Resources */ = {isa = PBXBuildFile; fileRef = 8153A2D829422F1A00A836F9 /* Assets.xcassets */; };
		8153A2DC29422F1A00A836F9 /* LaunchScreen.storyboard in Resources */ = {isa = PBXBuildFile; fileRef = 8153A2DA29422F1A00A836F9 /* LaunchScreen.storyboard */; };
		8153A2E729422F1A00A836F9 /* tweet_appTests.swift in Sources */ = {isa = PBXBuildFile; fileRef = 8153A2E629422F1A00A836F9 /* tweet_appTests.swift */; };
		8153A2F129422F1A00A836F9 /* tweet_appUITests.swift in Sources */ = {isa = PBXBuildFile; fileRef = 8153A2F029422F1A00A836F9 /* tweet_appUITests.swift */; };
		8153A2F329422F1A00A836F9 /* tweet_appUITestsLaunchTests.swift in Sources */ = {isa = PBXBuildFile; fileRef = 8153A2F229422F1A00A836F9 /* tweet_appUITestsLaunchTests.swift */; };
		8153A33E29424C8200A836F9 /* HomeViewController.swift in Sources */ = {isa = PBXBuildFile; fileRef = 8153A33D29424C8200A836F9 /* HomeViewController.swift */; };
		8153A3A5294D5D9300A836F9 /* TweetViewCell.swift in Sources */ = {isa = PBXBuildFile; fileRef = 8153A3A3294D5D9300A836F9 /* TweetViewCell.swift */; };
		8153A3A6294D5D9300A836F9 /* TweetViewCell.xib in Resources */ = {isa = PBXBuildFile; fileRef = 8153A3A4294D5D9300A836F9 /* TweetViewCell.xib */; };
		8153A3BC295F8D5D00A836F9 /* NewTweetViewController.storyboard in Resources */ = {isa = PBXBuildFile; fileRef = 8153A3BB295F8D5D00A836F9 /* NewTweetViewController.storyboard */; };
		8153A3BE295F8D8D00A836F9 /* NewTweetViewController.swift in Sources */ = {isa = PBXBuildFile; fileRef = 8153A3BD295F8D8D00A836F9 /* NewTweetViewController.swift */; };
/* End PBXBuildFile section */

/* Begin PBXContainerItemProxy section */
		8153A2E329422F1A00A836F9 /* PBXContainerItemProxy */ = {
			isa = PBXContainerItemProxy;
			containerPortal = 8153A2C429422F1800A836F9 /* Project object */;
			proxyType = 1;
			remoteGlobalIDString = 8153A2CB29422F1800A836F9;
			remoteInfo = tweet_app;
		};
		8153A2ED29422F1A00A836F9 /* PBXContainerItemProxy */ = {
			isa = PBXContainerItemProxy;
			containerPortal = 8153A2C429422F1800A836F9 /* Project object */;
			proxyType = 1;
			remoteGlobalIDString = 8153A2CB29422F1800A836F9;
			remoteInfo = tweet_app;
		};
/* End PBXContainerItemProxy section */

/* Begin PBXFileReference section */
		8153A2CC29422F1800A836F9 /* tweet_app.app */ = {isa = PBXFileReference; explicitFileType = wrapper.application; includeInIndex = 0; path = tweet_app.app; sourceTree = BUILT_PRODUCTS_DIR; };
		8153A2CF29422F1800A836F9 /* AppDelegate.swift */ = {isa = PBXFileReference; lastKnownFileType = sourcecode.swift; path = AppDelegate.swift; sourceTree = "<group>"; };
		8153A2D129422F1800A836F9 /* SceneDelegate.swift */ = {isa = PBXFileReference; lastKnownFileType = sourcecode.swift; path = SceneDelegate.swift; sourceTree = "<group>"; };
		8153A2D629422F1800A836F9 /* Base */ = {isa = PBXFileReference; lastKnownFileType = file.storyboard; name = Base; path = Base.lproj/Main.storyboard; sourceTree = "<group>"; };
		8153A2D829422F1A00A836F9 /* Assets.xcassets */ = {isa = PBXFileReference; lastKnownFileType = folder.assetcatalog; path = Assets.xcassets; sourceTree = "<group>"; };
		8153A2DB29422F1A00A836F9 /* Base */ = {isa = PBXFileReference; lastKnownFileType = file.storyboard; name = Base; path = Base.lproj/LaunchScreen.storyboard; sourceTree = "<group>"; };
		8153A2DD29422F1A00A836F9 /* Info.plist */ = {isa = PBXFileReference; lastKnownFileType = text.plist.xml; path = Info.plist; sourceTree = "<group>"; };
		8153A2E229422F1A00A836F9 /* tweet_appTests.xctest */ = {isa = PBXFileReference; explicitFileType = wrapper.cfbundle; includeInIndex = 0; path = tweet_appTests.xctest; sourceTree = BUILT_PRODUCTS_DIR; };
		8153A2E629422F1A00A836F9 /* tweet_appTests.swift */ = {isa = PBXFileReference; lastKnownFileType = sourcecode.swift; path = tweet_appTests.swift; sourceTree = "<group>"; };
		8153A2EC29422F1A00A836F9 /* tweet_appUITests.xctest */ = {isa = PBXFileReference; explicitFileType = wrapper.cfbundle; includeInIndex = 0; path = tweet_appUITests.xctest; sourceTree = BUILT_PRODUCTS_DIR; };
		8153A2F029422F1A00A836F9 /* tweet_appUITests.swift */ = {isa = PBXFileReference; lastKnownFileType = sourcecode.swift; path = tweet_appUITests.swift; sourceTree = "<group>"; };
		8153A2F229422F1A00A836F9 /* tweet_appUITestsLaunchTests.swift */ = {isa = PBXFileReference; lastKnownFileType = sourcecode.swift; path = tweet_appUITestsLaunchTests.swift; sourceTree = "<group>"; };
		8153A33D29424C8200A836F9 /* HomeViewController.swift */ = {isa = PBXFileReference; lastKnownFileType = sourcecode.swift; path = HomeViewController.swift; sourceTree = "<group>"; };
		8153A3A3294D5D9300A836F9 /* TweetViewCell.swift */ = {isa = PBXFileReference; lastKnownFileType = sourcecode.swift; path = TweetViewCell.swift; sourceTree = "<group>"; };
		8153A3A4294D5D9300A836F9 /* TweetViewCell.xib */ = {isa = PBXFileReference; lastKnownFileType = file.xib; path = TweetViewCell.xib; sourceTree = "<group>"; };
		8153A3BB295F8D5D00A836F9 /* NewTweetViewController.storyboard */ = {isa = PBXFileReference; lastKnownFileType = file.storyboard; path = NewTweetViewController.storyboard; sourceTree = "<group>"; };
		8153A3BD295F8D8D00A836F9 /* NewTweetViewController.swift */ = {isa = PBXFileReference; lastKnownFileType = sourcecode.swift; path = NewTweetViewController.swift; sourceTree = "<group>"; };
/* End PBXFileReference section */

/* Begin PBXFrameworksBuildPhase section */
		8153A2C929422F1800A836F9 /* Frameworks */ = {
			isa = PBXFrameworksBuildPhase;
			buildActionMask = 2147483647;
			files = (
			);
			runOnlyForDeploymentPostprocessing = 0;
		};
		8153A2DF29422F1A00A836F9 /* Frameworks */ = {
			isa = PBXFrameworksBuildPhase;
			buildActionMask = 2147483647;
			files = (
			);
			runOnlyForDeploymentPostprocessing = 0;
		};
		8153A2E929422F1A00A836F9 /* Frameworks */ = {
			isa = PBXFrameworksBuildPhase;
			buildActionMask = 2147483647;
			files = (
			);
			runOnlyForDeploymentPostprocessing = 0;
		};
/* End PBXFrameworksBuildPhase section */

/* Begin PBXGroup section */
		8153A2C329422F1800A836F9 = {
			isa = PBXGroup;
			children = (
				8153A2CE29422F1800A836F9 /* tweet_app */,
				8153A2E529422F1A00A836F9 /* tweet_appTests */,
				8153A2EF29422F1A00A836F9 /* tweet_appUITests */,
				8153A2CD29422F1800A836F9 /* Products */,
			);
			sourceTree = "<group>";
		};
		8153A2CD29422F1800A836F9 /* Products */ = {
			isa = PBXGroup;
			children = (
				8153A2CC29422F1800A836F9 /* tweet_app.app */,
				8153A2E229422F1A00A836F9 /* tweet_appTests.xctest */,
				8153A2EC29422F1A00A836F9 /* tweet_appUITests.xctest */,
			);
			name = Products;
			sourceTree = "<group>";
		};
		8153A2CE29422F1800A836F9 /* tweet_app */ = {
			isa = PBXGroup;
			children = (
				8153A2CF29422F1800A836F9 /* AppDelegate.swift */,
				8153A2D129422F1800A836F9 /* SceneDelegate.swift */,
				8153A2D529422F1800A836F9 /* Main.storyboard */,
				8153A2D829422F1A00A836F9 /* Assets.xcassets */,
				8153A2DA29422F1A00A836F9 /* LaunchScreen.storyboard */,
				8153A3BB295F8D5D00A836F9 /* NewTweetViewController.storyboard */,
				8153A3BD295F8D8D00A836F9 /* NewTweetViewController.swift */,
				8153A2DD29422F1A00A836F9 /* Info.plist */,
				8153A33D29424C8200A836F9 /* HomeViewController.swift */,
				8153A3A3294D5D9300A836F9 /* TweetViewCell.swift */,
				8153A3A4294D5D9300A836F9 /* TweetViewCell.xib */,
			);
			path = tweet_app;
			sourceTree = "<group>";
		};
		8153A2E529422F1A00A836F9 /* tweet_appTests */ = {
			isa = PBXGroup;
			children = (
				8153A2E629422F1A00A836F9 /* tweet_appTests.swift */,
			);
			path = tweet_appTests;
			sourceTree = "<group>";
		};
		8153A2EF29422F1A00A836F9 /* tweet_appUITests */ = {
			isa = PBXGroup;
			children = (
				8153A2F029422F1A00A836F9 /* tweet_appUITests.swift */,
				8153A2F229422F1A00A836F9 /* tweet_appUITestsLaunchTests.swift */,
			);
			path = tweet_appUITests;
			sourceTree = "<group>";
		};
/* End PBXGroup section */

/* Begin PBXNativeTarget section */
		8153A2CB29422F1800A836F9 /* tweet_app */ = {
			isa = PBXNativeTarget;
			buildConfigurationList = 8153A2F629422F1A00A836F9 /* Build configuration list for PBXNativeTarget "tweet_app" */;
			buildPhases = (
				8153A2C829422F1800A836F9 /* Sources */,
				8153A2C929422F1800A836F9 /* Frameworks */,
				8153A2CA29422F1800A836F9 /* Resources */,
			);
			buildRules = (
			);
			dependencies = (
			);
			name = tweet_app;
			productName = tweet_app;
			productReference = 8153A2CC29422F1800A836F9 /* tweet_app.app */;
			productType = "com.apple.product-type.application";
		};
		8153A2E129422F1A00A836F9 /* tweet_appTests */ = {
			isa = PBXNativeTarget;
			buildConfigurationList = 8153A2F929422F1A00A836F9 /* Build configuration list for PBXNativeTarget "tweet_appTests" */;
			buildPhases = (
				8153A2DE29422F1A00A836F9 /* Sources */,
				8153A2DF29422F1A00A836F9 /* Frameworks */,
				8153A2E029422F1A00A836F9 /* Resources */,
			);
			buildRules = (
			);
			dependencies = (
				8153A2E429422F1A00A836F9 /* PBXTargetDependency */,
			);
			name = tweet_appTests;
			productName = tweet_appTests;
			productReference = 8153A2E229422F1A00A836F9 /* tweet_appTests.xctest */;
			productType = "com.apple.product-type.bundle.unit-test";
		};
		8153A2EB29422F1A00A836F9 /* tweet_appUITests */ = {
			isa = PBXNativeTarget;
			buildConfigurationList = 8153A2FC29422F1A00A836F9 /* Build configuration list for PBXNativeTarget "tweet_appUITests" */;
			buildPhases = (
				8153A2E829422F1A00A836F9 /* Sources */,
				8153A2E929422F1A00A836F9 /* Frameworks */,
				8153A2EA29422F1A00A836F9 /* Resources */,
			);
			buildRules = (
			);
			dependencies = (
				8153A2EE29422F1A00A836F9 /* PBXTargetDependency */,
			);
			name = tweet_appUITests;
			productName = tweet_appUITests;
			productReference = 8153A2EC29422F1A00A836F9 /* tweet_appUITests.xctest */;
			productType = "com.apple.product-type.bundle.ui-testing";
		};
/* End PBXNativeTarget section */

/* Begin PBXProject section */
		8153A2C429422F1800A836F9 /* Project object */ = {
			isa = PBXProject;
			attributes = {
				BuildIndependentTargetsInParallel = 1;
				LastSwiftUpdateCheck = 1410;
				LastUpgradeCheck = 1410;
				TargetAttributes = {
					8153A2CB29422F1800A836F9 = {
						CreatedOnToolsVersion = 14.1;
					};
					8153A2E129422F1A00A836F9 = {
						CreatedOnToolsVersion = 14.1;
						TestTargetID = 8153A2CB29422F1800A836F9;
					};
					8153A2EB29422F1A00A836F9 = {
						CreatedOnToolsVersion = 14.1;
						TestTargetID = 8153A2CB29422F1800A836F9;
					};
				};
			};
			buildConfigurationList = 8153A2C729422F1800A836F9 /* Build configuration list for PBXProject "tweet_app" */;
			compatibilityVersion = "Xcode 14.0";
			developmentRegion = en;
			hasScannedForEncodings = 0;
			knownRegions = (
				en,
				Base,
			);
			mainGroup = 8153A2C329422F1800A836F9;
			productRefGroup = 8153A2CD29422F1800A836F9 /* Products */;
			projectDirPath = "";
			projectRoot = "";
			targets = (
				8153A2CB29422F1800A836F9 /* tweet_app */,
				8153A2E129422F1A00A836F9 /* tweet_appTests */,
				8153A2EB29422F1A00A836F9 /* tweet_appUITests */,
			);
		};
/* End PBXProject section */

/* Begin PBXResourcesBuildPhase section */
		8153A2CA29422F1800A836F9 /* Resources */ = {
			isa = PBXResourcesBuildPhase;
			buildActionMask = 2147483647;
			files = (
				8153A3BC295F8D5D00A836F9 /* NewTweetViewController.storyboard in Resources */,
				8153A2DC29422F1A00A836F9 /* LaunchScreen.storyboard in Resources */,
				8153A2D929422F1A00A836F9 /* Assets.xcassets in Resources */,
				8153A3A6294D5D9300A836F9 /* TweetViewCell.xib in Resources */,
				8153A2D729422F1800A836F9 /* Main.storyboard in Resources */,
			);
			runOnlyForDeploymentPostprocessing = 0;
		};
		8153A2E029422F1A00A836F9 /* Resources */ = {
			isa = PBXResourcesBuildPhase;
			buildActionMask = 2147483647;
			files = (
			);
			runOnlyForDeploymentPostprocessing = 0;
		};
		8153A2EA29422F1A00A836F9 /* Resources */ = {
			isa = PBXResourcesBuildPhase;
			buildActionMask = 2147483647;
			files = (
			);
			runOnlyForDeploymentPostprocessing = 0;
		};
/* End PBXResourcesBuildPhase section */

/* Begin PBXSourcesBuildPhase section */
		8153A2C829422F1800A836F9 /* Sources */ = {
			isa = PBXSourcesBuildPhase;
			buildActionMask = 2147483647;
			files = (
				8153A2D029422F1800A836F9 /* AppDelegate.swift in Sources */,
				8153A2D229422F1800A836F9 /* SceneDelegate.swift in Sources */,
				8153A3A5294D5D9300A836F9 /* TweetViewCell.swift in Sources */,
				8153A33E29424C8200A836F9 /* HomeViewController.swift in Sources */,
				8153A3BE295F8D8D00A836F9 /* NewTweetViewController.swift in Sources */,
			);
			runOnlyForDeploymentPostprocessing = 0;
		};
		8153A2DE29422F1A00A836F9 /* Sources */ = {
			isa = PBXSourcesBuildPhase;
			buildActionMask = 2147483647;
			files = (
				8153A2E729422F1A00A836F9 /* tweet_appTests.swift in Sources */,
			);
			runOnlyForDeploymentPostprocessing = 0;
		};
		8153A2E829422F1A00A836F9 /* Sources */ = {
			isa = PBXSourcesBuildPhase;
			buildActionMask = 2147483647;
			files = (
				8153A2F329422F1A00A836F9 /* tweet_appUITestsLaunchTests.swift in Sources */,
				8153A2F129422F1A00A836F9 /* tweet_appUITests.swift in Sources */,
			);
			runOnlyForDeploymentPostprocessing = 0;
		};
/* End PBXSourcesBuildPhase section */

/* Begin PBXTargetDependency section */
		8153A2E429422F1A00A836F9 /* PBXTargetDependency */ = {
			isa = PBXTargetDependency;
			target = 8153A2CB29422F1800A836F9 /* tweet_app */;
			targetProxy = 8153A2E329422F1A00A836F9 /* PBXContainerItemProxy */;
		};
		8153A2EE29422F1A00A836F9 /* PBXTargetDependency */ = {
			isa = PBXTargetDependency;
			target = 8153A2CB29422F1800A836F9 /* tweet_app */;
			targetProxy = 8153A2ED29422F1A00A836F9 /* PBXContainerItemProxy */;
		};
/* End PBXTargetDependency section */

/* Begin PBXVariantGroup section */
		8153A2D529422F1800A836F9 /* Main.storyboard */ = {
			isa = PBXVariantGroup;
			children = (
				8153A2D629422F1800A836F9 /* Base */,
			);
			name = Main.storyboard;
			sourceTree = "<group>";
		};
		8153A2DA29422F1A00A836F9 /* LaunchScreen.storyboard */ = {
			isa = PBXVariantGroup;
			children = (
				8153A2DB29422F1A00A836F9 /* Base */,
			);
			name = LaunchScreen.storyboard;
			sourceTree = "<group>";
		};
/* End PBXVariantGroup section */

/* Begin XCBuildConfiguration section */
		8153A2F429422F1A00A836F9 /* Debug */ = {
			isa = XCBuildConfiguration;
			buildSettings = {
				ALWAYS_SEARCH_USER_PATHS = NO;
				CLANG_ANALYZER_NONNULL = YES;
				CLANG_ANALYZER_NUMBER_OBJECT_CONVERSION = YES_AGGRESSIVE;
				CLANG_CXX_LANGUAGE_STANDARD = "gnu++20";
				CLANG_ENABLE_MODULES = YES;
				CLANG_ENABLE_OBJC_ARC = YES;
				CLANG_ENABLE_OBJC_WEAK = YES;
				CLANG_WARN_BLOCK_CAPTURE_AUTORELEASING = YES;
				CLANG_WARN_BOOL_CONVERSION = YES;
				CLANG_WARN_COMMA = YES;
				CLANG_WARN_CONSTANT_CONVERSION = YES;
				CLANG_WARN_DEPRECATED_OBJC_IMPLEMENTATIONS = YES;
				CLANG_WARN_DIRECT_OBJC_ISA_USAGE = YES_ERROR;
				CLANG_WARN_DOCUMENTATION_COMMENTS = YES;
				CLANG_WARN_EMPTY_BODY = YES;
				CLANG_WARN_ENUM_CONVERSION = YES;
				CLANG_WARN_INFINITE_RECURSION = YES;
				CLANG_WARN_INT_CONVERSION = YES;
				CLANG_WARN_NON_LITERAL_NULL_CONVERSION = YES;
				CLANG_WARN_OBJC_IMPLICIT_RETAIN_SELF = YES;
				CLANG_WARN_OBJC_LITERAL_CONVERSION = YES;
				CLANG_WARN_OBJC_ROOT_CLASS = YES_ERROR;
				CLANG_WARN_QUOTED_INCLUDE_IN_FRAMEWORK_HEADER = YES;
				CLANG_WARN_RANGE_LOOP_ANALYSIS = YES;
				CLANG_WARN_STRICT_PROTOTYPES = YES;
				CLANG_WARN_SUSPICIOUS_MOVE = YES;
				CLANG_WARN_UNGUARDED_AVAILABILITY = YES_AGGRESSIVE;
				CLANG_WARN_UNREACHABLE_CODE = YES;
				CLANG_WARN__DUPLICATE_METHOD_MATCH = YES;
				COPY_PHASE_STRIP = NO;
				DEBUG_INFORMATION_FORMAT = dwarf;
				ENABLE_STRICT_OBJC_MSGSEND = YES;
				ENABLE_TESTABILITY = YES;
				GCC_C_LANGUAGE_STANDARD = gnu11;
				GCC_DYNAMIC_NO_PIC = NO;
				GCC_NO_COMMON_BLOCKS = YES;
				GCC_OPTIMIZATION_LEVEL = 0;
				GCC_PREPROCESSOR_DEFINITIONS = (
					"DEBUG=1",
					"$(inherited)",
				);
				GCC_WARN_64_TO_32_BIT_CONVERSION = YES;
				GCC_WARN_ABOUT_RETURN_TYPE = YES_ERROR;
				GCC_WARN_UNDECLARED_SELECTOR = YES;
				GCC_WARN_UNINITIALIZED_AUTOS = YES_AGGRESSIVE;
				GCC_WARN_UNUSED_FUNCTION = YES;
				GCC_WARN_UNUSED_VARIABLE = YES;
				IPHONEOS_DEPLOYMENT_TARGET = 16.1;
				MTL_ENABLE_DEBUG_INFO = INCLUDE_SOURCE;
				MTL_FAST_MATH = YES;
				ONLY_ACTIVE_ARCH = YES;
				SDKROOT = iphoneos;
				SWIFT_ACTIVE_COMPILATION_CONDITIONS = DEBUG;
				SWIFT_OPTIMIZATION_LEVEL = "-Onone";
			};
			name = Debug;
		};
		8153A2F529422F1A00A836F9 /* Release */ = {
			isa = XCBuildConfiguration;
			buildSettings = {
				ALWAYS_SEARCH_USER_PATHS = NO;
				CLANG_ANALYZER_NONNULL = YES;
				CLANG_ANALYZER_NUMBER_OBJECT_CONVERSION = YES_AGGRESSIVE;
				CLANG_CXX_LANGUAGE_STANDARD = "gnu++20";
				CLANG_ENABLE_MODULES = YES;
				CLANG_ENABLE_OBJC_ARC = YES;
				CLANG_ENABLE_OBJC_WEAK = YES;
				CLANG_WARN_BLOCK_CAPTURE_AUTORELEASING = YES;
				CLANG_WARN_BOOL_CONVERSION = YES;
				CLANG_WARN_COMMA = YES;
				CLANG_WARN_CONSTANT_CONVERSION = YES;
				CLANG_WARN_DEPRECATED_OBJC_IMPLEMENTATIONS = YES;
				CLANG_WARN_DIRECT_OBJC_ISA_USAGE = YES_ERROR;
				CLANG_WARN_DOCUMENTATION_COMMENTS = YES;
				CLANG_WARN_EMPTY_BODY = YES;
				CLANG_WARN_ENUM_CONVERSION = YES;
				CLANG_WARN_INFINITE_RECURSION = YES;
				CLANG_WARN_INT_CONVERSION = YES;
				CLANG_WARN_NON_LITERAL_NULL_CONVERSION = YES;
				CLANG_WARN_OBJC_IMPLICIT_RETAIN_SELF = YES;
				CLANG_WARN_OBJC_LITERAL_CONVERSION = YES;
				CLANG_WARN_OBJC_ROOT_CLASS = YES_ERROR;
				CLANG_WARN_QUOTED_INCLUDE_IN_FRAMEWORK_HEADER = YES;
				CLANG_WARN_RANGE_LOOP_ANALYSIS = YES;
				CLANG_WARN_STRICT_PROTOTYPES = YES;
				CLANG_WARN_SUSPICIOUS_MOVE = YES;
				CLANG_WARN_UNGUARDED_AVAILABILITY = YES_AGGRESSIVE;
				CLANG_WARN_UNREACHABLE_CODE = YES;
				CLANG_WARN__DUPLICATE_METHOD_MATCH = YES;
				COPY_PHASE_STRIP = NO;
				DEBUG_INFORMATION_FORMAT = "dwarf-with-dsym";
				ENABLE_NS_ASSERTIONS = NO;
				ENABLE_STRICT_OBJC_MSGSEND = YES;
				GCC_C_LANGUAGE_STANDARD = gnu11;
				GCC_NO_COMMON_BLOCKS = YES;
				GCC_WARN_64_TO_32_BIT_CONVERSION = YES;
				GCC_WARN_ABOUT_RETURN_TYPE = YES_ERROR;
				GCC_WARN_UNDECLARED_SELECTOR = YES;
				GCC_WARN_UNINITIALIZED_AUTOS = YES_AGGRESSIVE;
				GCC_WARN_UNUSED_FUNCTION = YES;
				GCC_WARN_UNUSED_VARIABLE = YES;
				IPHONEOS_DEPLOYMENT_TARGET = 16.1;
				MTL_ENABLE_DEBUG_INFO = NO;
				MTL_FAST_MATH = YES;
				SDKROOT = iphoneos;
				SWIFT_COMPILATION_MODE = wholemodule;
				SWIFT_OPTIMIZATION_LEVEL = "-O";
				VALIDATE_PRODUCT = YES;
			};
			name = Release;
		};
		8153A2F729422F1A00A836F9 /* Debug */ = {
			isa = XCBuildConfiguration;
			buildSettings = {
				ASSETCATALOG_COMPILER_APPICON_NAME = AppIcon;
				ASSETCATALOG_COMPILER_GLOBAL_ACCENT_COLOR_NAME = AccentColor;
				CODE_SIGN_STYLE = Automatic;
				CURRENT_PROJECT_VERSION = 1;
				DEVELOPMENT_TEAM = 92233WAQ9L;
				GENERATE_INFOPLIST_FILE = YES;
				INFOPLIST_FILE = tweet_app/Info.plist;
				INFOPLIST_KEY_UIApplicationSupportsIndirectInputEvents = YES;
				INFOPLIST_KEY_UILaunchStoryboardName = LaunchScreen;
				INFOPLIST_KEY_UIMainStoryboardFile = Main;
				INFOPLIST_KEY_UISupportedInterfaceOrientations_iPad = "UIInterfaceOrientationPortrait UIInterfaceOrientationPortraitUpsideDown UIInterfaceOrientationLandscapeLeft UIInterfaceOrientationLandscapeRight";
				INFOPLIST_KEY_UISupportedInterfaceOrientations_iPhone = "UIInterfaceOrientationPortrait UIInterfaceOrientationLandscapeLeft UIInterfaceOrientationLandscapeRight";
				LD_RUNPATH_SEARCH_PATHS = (
					"$(inherited)",
					"@executable_path/Frameworks",
				);
				MARKETING_VERSION = 1.0;
				PRODUCT_BUNDLE_IDENTIFIER = "Kyouhei-uno.tweet-app";
				PRODUCT_NAME = "$(TARGET_NAME)";
				SWIFT_EMIT_LOC_STRINGS = YES;
				SWIFT_VERSION = 5.0;
				TARGETED_DEVICE_FAMILY = "1,2";
			};
			name = Debug;
		};
		8153A2F829422F1A00A836F9 /* Release */ = {
			isa = XCBuildConfiguration;
			buildSettings = {
				ASSETCATALOG_COMPILER_APPICON_NAME = AppIcon;
				ASSETCATALOG_COMPILER_GLOBAL_ACCENT_COLOR_NAME = AccentColor;
				CODE_SIGN_STYLE = Automatic;
				CURRENT_PROJECT_VERSION = 1;
				DEVELOPMENT_TEAM = 92233WAQ9L;
				GENERATE_INFOPLIST_FILE = YES;
				INFOPLIST_FILE = tweet_app/Info.plist;
				INFOPLIST_KEY_UIApplicationSupportsIndirectInputEvents = YES;
				INFOPLIST_KEY_UILaunchStoryboardName = LaunchScreen;
				INFOPLIST_KEY_UIMainStoryboardFile = Main;
				INFOPLIST_KEY_UISupportedInterfaceOrientations_iPad = "UIInterfaceOrientationPortrait UIInterfaceOrientationPortraitUpsideDown UIInterfaceOrientationLandscapeLeft UIInterfaceOrientationLandscapeRight";
				INFOPLIST_KEY_UISupportedInterfaceOrientations_iPhone = "UIInterfaceOrientationPortrait UIInterfaceOrientationLandscapeLeft UIInterfaceOrientationLandscapeRight";
				LD_RUNPATH_SEARCH_PATHS = (
					"$(inherited)",
					"@executable_path/Frameworks",
				);
				MARKETING_VERSION = 1.0;
				PRODUCT_BUNDLE_IDENTIFIER = "Kyouhei-uno.tweet-app";
				PRODUCT_NAME = "$(TARGET_NAME)";
				SWIFT_EMIT_LOC_STRINGS = YES;
				SWIFT_VERSION = 5.0;
				TARGETED_DEVICE_FAMILY = "1,2";
			};
			name = Release;
		};
		8153A2FA29422F1A00A836F9 /* Debug */ = {
			isa = XCBuildConfiguration;
			buildSettings = {
				ALWAYS_EMBED_SWIFT_STANDARD_LIBRARIES = YES;
				BUNDLE_LOADER = "$(TEST_HOST)";
				CODE_SIGN_STYLE = Automatic;
				CURRENT_PROJECT_VERSION = 1;
				DEVELOPMENT_TEAM = 92233WAQ9L;
				GENERATE_INFOPLIST_FILE = YES;
				IPHONEOS_DEPLOYMENT_TARGET = 16.1;
				MARKETING_VERSION = 1.0;
				PRODUCT_BUNDLE_IDENTIFIER = "Kyouhei-uno.tweet-appTests";
				PRODUCT_NAME = "$(TARGET_NAME)";
				SWIFT_EMIT_LOC_STRINGS = NO;
				SWIFT_VERSION = 5.0;
				TARGETED_DEVICE_FAMILY = "1,2";
				TEST_HOST = "$(BUILT_PRODUCTS_DIR)/tweet_app.app/$(BUNDLE_EXECUTABLE_FOLDER_PATH)/tweet_app";
			};
			name = Debug;
		};
		8153A2FB29422F1A00A836F9 /* Release */ = {
			isa = XCBuildConfiguration;
			buildSettings = {
				ALWAYS_EMBED_SWIFT_STANDARD_LIBRARIES = YES;
				BUNDLE_LOADER = "$(TEST_HOST)";
				CODE_SIGN_STYLE = Automatic;
				CURRENT_PROJECT_VERSION = 1;
				DEVELOPMENT_TEAM = 92233WAQ9L;
				GENERATE_INFOPLIST_FILE = YES;
				IPHONEOS_DEPLOYMENT_TARGET = 16.1;
				MARKETING_VERSION = 1.0;
				PRODUCT_BUNDLE_IDENTIFIER = "Kyouhei-uno.tweet-appTests";
				PRODUCT_NAME = "$(TARGET_NAME)";
				SWIFT_EMIT_LOC_STRINGS = NO;
				SWIFT_VERSION = 5.0;
				TARGETED_DEVICE_FAMILY = "1,2";
				TEST_HOST = "$(BUILT_PRODUCTS_DIR)/tweet_app.app/$(BUNDLE_EXECUTABLE_FOLDER_PATH)/tweet_app";
			};
			name = Release;
		};
		8153A2FD29422F1A00A836F9 /* Debug */ = {
			isa = XCBuildConfiguration;
			buildSettings = {
				ALWAYS_EMBED_SWIFT_STANDARD_LIBRARIES = YES;
				CODE_SIGN_STYLE = Automatic;
				CURRENT_PROJECT_VERSION = 1;
				DEVELOPMENT_TEAM = 92233WAQ9L;
				GENERATE_INFOPLIST_FILE = YES;
				MARKETING_VERSION = 1.0;
				PRODUCT_BUNDLE_IDENTIFIER = "Kyouhei-uno.tweet-appUITests";
				PRODUCT_NAME = "$(TARGET_NAME)";
				SWIFT_EMIT_LOC_STRINGS = NO;
				SWIFT_VERSION = 5.0;
				TARGETED_DEVICE_FAMILY = "1,2";
				TEST_TARGET_NAME = tweet_app;
			};
			name = Debug;
		};
		8153A2FE29422F1A00A836F9 /* Release */ = {
			isa = XCBuildConfiguration;
			buildSettings = {
				ALWAYS_EMBED_SWIFT_STANDARD_LIBRARIES = YES;
				CODE_SIGN_STYLE = Automatic;
				CURRENT_PROJECT_VERSION = 1;
				DEVELOPMENT_TEAM = 92233WAQ9L;
				GENERATE_INFOPLIST_FILE = YES;
				MARKETING_VERSION = 1.0;
				PRODUCT_BUNDLE_IDENTIFIER = "Kyouhei-uno.tweet-appUITests";
				PRODUCT_NAME = "$(TARGET_NAME)";
				SWIFT_EMIT_LOC_STRINGS = NO;
				SWIFT_VERSION = 5.0;
				TARGETED_DEVICE_FAMILY = "1,2";
				TEST_TARGET_NAME = tweet_app;
			};
			name = Release;
		};
/* End XCBuildConfiguration section */

/* Begin XCConfigurationList section */
		8153A2C729422F1800A836F9 /* Build configuration list for PBXProject "tweet_app" */ = {
			isa = XCConfigurationList;
			buildConfigurations = (
				8153A2F429422F1A00A836F9 /* Debug */,
				8153A2F529422F1A00A836F9 /* Release */,
			);
			defaultConfigurationIsVisible = 0;
			defaultConfigurationName = Release;
		};
		8153A2F629422F1A00A836F9 /* Build configuration list for PBXNativeTarget "tweet_app" */ = {
			isa = XCConfigurationList;
			buildConfigurations = (
				8153A2F729422F1A00A836F9 /* Debug */,
				8153A2F829422F1A00A836F9 /* Release */,
			);
			defaultConfigurationIsVisible = 0;
			defaultConfigurationName = Release;
		};
		8153A2F929422F1A00A836F9 /* Build configuration list for PBXNativeTarget "tweet_appTests" */ = {
			isa = XCConfigurationList;
			buildConfigurations = (
				8153A2FA29422F1A00A836F9 /* Debug */,
				8153A2FB29422F1A00A836F9 /* Release */,
			);
			defaultConfigurationIsVisible = 0;
			defaultConfigurationName = Release;
		};
		8153A2FC29422F1A00A836F9 /* Build configuration list for PBXNativeTarget "tweet_appUITests" */ = {
			isa = XCConfigurationList;
			buildConfigurations = (
				8153A2FD29422F1A00A836F9 /* Debug */,
				8153A2FE29422F1A00A836F9 /* Release */,
			);
			defaultConfigurationIsVisible = 0;
			defaultConfigurationName = Release;
		};
/* End XCConfigurationList section */
	};
	rootObject = 8153A2C429422F1800A836F9 /* Project object */;
}
